PODS:
  - Flutter (1.0.0)
  - flutter_webview_plugin (0.0.1):
    - Flutter
  - image_picker (0.0.1):
    - Flutter
  - video_player (0.0.1):
    - Flutter

DEPENDENCIES:
  - Flutter (from `/Users/H/Documents/flutter/bin/cache/artifacts/engine/ios`)
  - flutter_webview_plugin (from `/Users/H/.pub-cache/hosted/pub.dartlang.org/flutter_webview_plugin-0.1.0+1/ios`)
  - image_picker (from `/Users/H/.pub-cache/hosted/pub.dartlang.org/image_picker-0.2.1/ios`)
  - video_player (from `/Users/H/.pub-cache/hosted/pub.dartlang.org/video_player-0.2.0/ios`)

EXTERNAL SOURCES:
  Flutter:
    :path: /Users/H/Documents/flutter/bin/cache/artifacts/engine/ios
  flutter_webview_plugin:
    :path: /Users/H/.pub-cache/hosted/pub.dartlang.org/flutter_webview_plugin-0.1.0+1/ios
  image_picker:
    :path: /Users/H/.pub-cache/hosted/pub.dartlang.org/image_picker-0.2.1/ios
  video_player:
    :path: /Users/H/.pub-cache/hosted/pub.dartlang.org/video_player-0.2.0/ios

SPEC CHECKSUMS:
  Flutter: d674e78c937094a75ac71dd77e921e840bea3dbf
  flutter_webview_plugin: ed9e8a6a96baf0c867e90e1bce2673913eeac694
  image_picker: a211f28b95a560433c00f5cd3773f4710a20404d
  video_player: 3964090a33353060ed7f58aa6427c7b4b208ec21

PODFILE CHECKSUM: 58e7140e8d177014d15256865f8b852f3a6fa6b4

COCOAPODS: 1.3.1
